
Microsoft Visual Studio Solution File, Format Version 12.00
# Visual Studio Version 17
VisualStudioVersion = 17.7.34024.191
MinimumVisualStudioVersion = 10.0.40219.1
Project("{FAE04EC0-301F-11D3-BF4B-00C04F79EFBC}") = "WebBot", "WebBot\WebBot.csproj", "{CBB266D8-5F1C-4357-B37B-74B1BE3FD8B1}"
EndProject
Global
	GlobalSection(SolutionConfigurationPlatforms) = preSolution
		Debug|Any CPU = Debug|Any CPU
		Release|Any CPU = Release|Any CPU
	EndGlobalSection
	GlobalSection(ProjectConfigurationPlatforms) = postSolution
		{CBB266D8-5F1C-4357-B37B-74B1BE3FD8B1}.Debug|Any CPU.ActiveCfg = Debug|Any CPU
		{CBB266D8-5F1C-4357-B37B-74B1BE3FD8B1}.Debug|Any CPU.Build.0 = Debug|Any CPU
		{CBB266D8-5F1C-4357-B37B-74B1BE3FD8B1}.Release|Any CPU.ActiveCfg = Release|Any CPU
		{CBB266D8-5F1C-4357-B37B-74B1BE3FD8B1}.Release|Any CPU.Build.0 = Release|Any CPU
	EndGlobalSection
	GlobalSection(SolutionProperties) = preSolution
		HideSolutionNode = FALSE
	EndGlobalSection
	GlobalSection(ExtensibilityGlobals) = postSolution
		SolutionGuid = {5E3A619B-C366-474B-9DE2-13A72455F089}
	EndGlobalSection
EndGlobal
